
Microsoft Visual Studio Solution File, Format Version 12.00
# Visual Studio Version 16
VisualStudioVersion = 16.0.32126.315
MinimumVisualStudioVersion = 10.0.40219.1
Project("{FAE04EC0-301F-11D3-BF4B-00C04F79EFBC}") = "TituloApp", "TituloApp.csproj", "{1A2EE51B-6134-4D5C-906A-4F70133FA197}"
EndProject
Global
	GlobalSection(SolutionConfigurationPlatforms) = preSolution
		Debug|Any CPU = Debug|Any CPU
		Release|Any CPU = Release|Any CPU
	EndGlobalSection
	GlobalSection(ProjectConfigurationPlatforms) = postSolution
		{1A2EE51B-6134-4D5C-906A-4F70133FA197}.Debug|Any CPU.ActiveCfg = Debug|Any CPU
		{1A2EE51B-6134-4D5C-906A-4F70133FA197}.Debug|Any CPU.Build.0 = Debug|Any CPU
		{1A2EE51B-6134-4D5C-906A-4F70133FA197}.Release|Any CPU.ActiveCfg = Release|Any CPU
		{1A2EE51B-6134-4D5C-906A-4F70133FA197}.Release|Any CPU.Build.0 = Release|Any CPU
	EndGlobalSection
	GlobalSection(SolutionProperties) = preSolution
		HideSolutionNode = FALSE
	EndGlobalSection
	GlobalSection(ExtensibilityGlobals) = postSolution
		SolutionGuid = {D668BA1B-F687-40A5-8DDE-116428AED47C}
	EndGlobalSection
EndGlobal
